// !$*UTF8*$!
{
	archiveVersion = 1;
	classes = {
	};
	objectVersion = 56;
	objects = {

/* Begin PBXBuildFile section */
		FE2F08D82AB1A1100029A57D /* GeneticAlgorithm.cpp in Sources */ = {isa = PBXBuildFile; fileRef = FE2F08D62AB1A1100029A57D /* GeneticAlgorithm.cpp */; };
		FE4627282AF7F5AD00BB3618 /* BaseAgent.cpp in Sources */ = {isa = PBXBuildFile; fileRef = FE4627262AF7F5AD00BB3618 /* BaseAgent.cpp */; };
		FE7CACBB2AA9FB68002EEBD1 /* main.cpp in Sources */ = {isa = PBXBuildFile; fileRef = FE7CACBA2AA9FB68002EEBD1 /* main.cpp */; };
		FEA3E0042AEE6BB600A27C6C /* NaiveMazeQSolver.cpp in Sources */ = {isa = PBXBuildFile; fileRef = FEA3E0032AEE6BB600A27C6C /* NaiveMazeQSolver.cpp */; };
/* End PBXBuildFile section */

/* Begin PBXCopyFilesBuildPhase section */
		FE7CACB52AA9FB68002EEBD1 /* CopyFiles */ = {
			isa = PBXCopyFilesBuildPhase;
			buildActionMask = 2147483647;
			dstPath = /usr/share/man/man1/;
			dstSubfolderSpec = 0;
			files = (
			);
			runOnlyForDeploymentPostprocessing = 1;
		};
/* End PBXCopyFilesBuildPhase section */

/* Begin PBXFileReference section */
		FE2F08D62AB1A1100029A57D /* GeneticAlgorithm.cpp */ = {isa = PBXFileReference; lastKnownFileType = sourcecode.cpp.cpp; path = GeneticAlgorithm.cpp; sourceTree = "<group>"; };
		FE2F08D72AB1A1100029A57D /* GeneticAlgorithm.hpp */ = {isa = PBXFileReference; lastKnownFileType = sourcecode.cpp.h; path = GeneticAlgorithm.hpp; sourceTree = "<group>"; };
		FE4627222AF7F22700BB3618 /* CSV_Saver.hpp */ = {isa = PBXFileReference; lastKnownFileType = sourcecode.cpp.h; path = CSV_Saver.hpp; sourceTree = "<group>"; };
		FE4627252AF7F34D00BB3618 /* Save.hpp */ = {isa = PBXFileReference; lastKnownFileType = sourcecode.cpp.h; path = Save.hpp; sourceTree = "<group>"; };
		FE4627262AF7F5AD00BB3618 /* BaseAgent.cpp */ = {isa = PBXFileReference; lastKnownFileType = sourcecode.cpp.cpp; path = BaseAgent.cpp; sourceTree = "<group>"; };
		FE4627272AF7F5AD00BB3618 /* BaseAgent.hpp */ = {isa = PBXFileReference; lastKnownFileType = sourcecode.cpp.h; path = BaseAgent.hpp; sourceTree = "<group>"; };
		FE4627292AF7F96400BB3618 /* CMakeLists.txt */ = {isa = PBXFileReference; lastKnownFileType = text; path = CMakeLists.txt; sourceTree = "<group>"; };
		FE7CACB72AA9FB68002EEBD1 /* XORNeural network */ = {isa = PBXFileReference; explicitFileType = "compiled.mach-o.executable"; includeInIndex = 0; path = "XORNeural network"; sourceTree = BUILT_PRODUCTS_DIR; };
		FE7CACBA2AA9FB68002EEBD1 /* main.cpp */ = {isa = PBXFileReference; lastKnownFileType = sourcecode.cpp.cpp; path = main.cpp; sourceTree = "<group>"; };
		FE98292D2AB334C900E5B7ED /* README.md */ = {isa = PBXFileReference; lastKnownFileType = net.daringfireball.markdown; path = README.md; sourceTree = "<group>"; };
		FEA3E0032AEE6BB600A27C6C /* NaiveMazeQSolver.cpp */ = {isa = PBXFileReference; lastKnownFileType = sourcecode.cpp.cpp; path = NaiveMazeQSolver.cpp; sourceTree = "<group>"; };
		FECDAF9F2AE0174000ED1CA8 /* CMakeLists.txt */ = {isa = PBXFileReference; lastKnownFileType = text; path = CMakeLists.txt; sourceTree = "<group>"; };
		FED103262ADAD74100DFA915 /* AKML.hpp */ = {isa = PBXFileReference; lastKnownFileType = sourcecode.cpp.h; path = AKML.hpp; sourceTree = "<group>"; };
		FED103272ADAFD0800DFA915 /* UtilityLoops.hpp */ = {isa = PBXFileReference; lastKnownFileType = sourcecode.cpp.h; path = UtilityLoops.hpp; sourceTree = "<group>"; };
		FEE4F7362ADBE12100E27D68 /* AKML_consts.hpp */ = {isa = PBXFileReference; lastKnownFileType = sourcecode.cpp.h; path = AKML_consts.hpp; sourceTree = "<group>"; };
		FEE4F7382ADC052700E27D68 /* NeuralNetwork.hpp */ = {isa = PBXFileReference; fileEncoding = 4; lastKnownFileType = sourcecode.cpp.h; path = NeuralNetwork.hpp; sourceTree = "<group>"; };
		FEF384322AAB7C5E0094AA50 /* Matrix.hpp */ = {isa = PBXFileReference; lastKnownFileType = sourcecode.cpp.h; path = Matrix.hpp; sourceTree = "<group>"; };
		FEF384382AACD8F10094AA50 /* NeuralLayer.hpp */ = {isa = PBXFileReference; lastKnownFileType = sourcecode.cpp.h; path = NeuralLayer.hpp; sourceTree = "<group>"; };
/* End PBXFileReference section */

/* Begin PBXFrameworksBuildPhase section */
		FE7CACB42AA9FB68002EEBD1 /* Frameworks */ = {
			isa = PBXFrameworksBuildPhase;
			buildActionMask = 2147483647;
			files = (
			);
			runOnlyForDeploymentPostprocessing = 0;
		};
/* End PBXFrameworksBuildPhase section */

/* Begin PBXGroup section */
		FE4627202AF7F1F500BB3618 /* AgentBasedUtilities */ = {
			isa = PBXGroup;
			children = (
				FE4627222AF7F22700BB3618 /* CSV_Saver.hpp */,
				FE4627252AF7F34D00BB3618 /* Save.hpp */,
				FE4627262AF7F5AD00BB3618 /* BaseAgent.cpp */,
				FE4627272AF7F5AD00BB3618 /* BaseAgent.hpp */,
				FE4627292AF7F96400BB3618 /* CMakeLists.txt */,
			);
			path = AgentBasedUtilities;
			sourceTree = "<group>";
		};
		FE7CACAE2AA9FB67002EEBD1 = {
			isa = PBXGroup;
			children = (
				FE98292D2AB334C900E5B7ED /* README.md */,
				FE7CACB92AA9FB68002EEBD1 /* XORNeural network */,
				FE7CACB82AA9FB68002EEBD1 /* Products */,
			);
			sourceTree = "<group>";
		};
		FE7CACB82AA9FB68002EEBD1 /* Products */ = {
			isa = PBXGroup;
			children = (
				FE7CACB72AA9FB68002EEBD1 /* XORNeural network */,
			);
			name = Products;
			sourceTree = "<group>";
		};
		FE7CACB92AA9FB68002EEBD1 /* XORNeural network */ = {
			isa = PBXGroup;
			children = (
				FE4627202AF7F1F500BB3618 /* AgentBasedUtilities */,
				FEA3E0022AEE6B8B00A27C6C /* ML_Examples */,
				FECDAF9F2AE0174000ED1CA8 /* CMakeLists.txt */,
				FE7CACBA2AA9FB68002EEBD1 /* main.cpp */,
				FEF384322AAB7C5E0094AA50 /* Matrix.hpp */,
				FEF384382AACD8F10094AA50 /* NeuralLayer.hpp */,
				FE2F08D62AB1A1100029A57D /* GeneticAlgorithm.cpp */,
				FE2F08D72AB1A1100029A57D /* GeneticAlgorithm.hpp */,
				FED103262ADAD74100DFA915 /* AKML.hpp */,
				FED103272ADAFD0800DFA915 /* UtilityLoops.hpp */,
				FEE4F7382ADC052700E27D68 /* NeuralNetwork.hpp */,
				FEE4F7362ADBE12100E27D68 /* AKML_consts.hpp */,
			);
			path = "XORNeural network";
			sourceTree = "<group>";
		};
		FEA3E0022AEE6B8B00A27C6C /* ML_Examples */ = {
			isa = PBXGroup;
			children = (
				FEA3E0032AEE6BB600A27C6C /* NaiveMazeQSolver.cpp */,
			);
			path = ML_Examples;
			sourceTree = "<group>";
		};
/* End PBXGroup section */

/* Begin PBXNativeTarget section */
		FE7CACB62AA9FB68002EEBD1 /* XORNeural network */ = {
			isa = PBXNativeTarget;
			buildConfigurationList = FE7CACBE2AA9FB68002EEBD1 /* Build configuration list for PBXNativeTarget "XORNeural network" */;
			buildPhases = (
				FE7CACB32AA9FB68002EEBD1 /* Sources */,
				FE7CACB42AA9FB68002EEBD1 /* Frameworks */,
				FE7CACB52AA9FB68002EEBD1 /* CopyFiles */,
			);
			buildRules = (
			);
			dependencies = (
			);
			name = "XORNeural network";
			productName = "XORNeural network";
			productReference = FE7CACB72AA9FB68002EEBD1 /* XORNeural network */;
			productType = "com.apple.product-type.tool";
		};
/* End PBXNativeTarget section */

/* Begin PBXProject section */
		FE7CACAF2AA9FB67002EEBD1 /* Project object */ = {
			isa = PBXProject;
			attributes = {
				BuildIndependentTargetsInParallel = 1;
				LastUpgradeCheck = 1500;
				TargetAttributes = {
					FE7CACB62AA9FB68002EEBD1 = {
						CreatedOnToolsVersion = 14.3.1;
					};
				};
			};
			buildConfigurationList = FE7CACB22AA9FB67002EEBD1 /* Build configuration list for PBXProject "XORNeural network" */;
			compatibilityVersion = "Xcode 14.0";
			developmentRegion = en;
			hasScannedForEncodings = 0;
			knownRegions = (
				en,
				Base,
			);
			mainGroup = FE7CACAE2AA9FB67002EEBD1;
			productRefGroup = FE7CACB82AA9FB68002EEBD1 /* Products */;
			projectDirPath = "";
			projectRoot = "";
			targets = (
				FE7CACB62AA9FB68002EEBD1 /* XORNeural network */,
			);
		};
/* End PBXProject section */

/* Begin PBXSourcesBuildPhase section */
		FE7CACB32AA9FB68002EEBD1 /* Sources */ = {
			isa = PBXSourcesBuildPhase;
			buildActionMask = 2147483647;
			files = (
				FEA3E0042AEE6BB600A27C6C /* NaiveMazeQSolver.cpp in Sources */,
				FE2F08D82AB1A1100029A57D /* GeneticAlgorithm.cpp in Sources */,
				FE7CACBB2AA9FB68002EEBD1 /* main.cpp in Sources */,
				FE4627282AF7F5AD00BB3618 /* BaseAgent.cpp in Sources */,
			);
			runOnlyForDeploymentPostprocessing = 0;
		};
/* End PBXSourcesBuildPhase section */

/* Begin XCBuildConfiguration section */
		FE7CACBC2AA9FB68002EEBD1 /* Debug */ = {
			isa = XCBuildConfiguration;
			buildSettings = {
				ALWAYS_SEARCH_USER_PATHS = NO;
				CLANG_ANALYZER_NONNULL = YES;
				CLANG_ANALYZER_NUMBER_OBJECT_CONVERSION = YES_AGGRESSIVE;
				CLANG_CXX_LANGUAGE_STANDARD = "gnu++20";
				CLANG_ENABLE_MODULES = YES;
				CLANG_ENABLE_OBJC_ARC = YES;
				CLANG_ENABLE_OBJC_WEAK = YES;
				CLANG_WARN_BLOCK_CAPTURE_AUTORELEASING = YES;
				CLANG_WARN_BOOL_CONVERSION = YES;
				CLANG_WARN_COMMA = YES;
				CLANG_WARN_CONSTANT_CONVERSION = YES;
				CLANG_WARN_DEPRECATED_OBJC_IMPLEMENTATIONS = YES;
				CLANG_WARN_DIRECT_OBJC_ISA_USAGE = YES_ERROR;
				CLANG_WARN_DOCUMENTATION_COMMENTS = YES;
				CLANG_WARN_EMPTY_BODY = YES;
				CLANG_WARN_ENUM_CONVERSION = YES;
				CLANG_WARN_INFINITE_RECURSION = YES;
				CLANG_WARN_INT_CONVERSION = YES;
				CLANG_WARN_NON_LITERAL_NULL_CONVERSION = YES;
				CLANG_WARN_OBJC_IMPLICIT_RETAIN_SELF = YES;
				CLANG_WARN_OBJC_LITERAL_CONVERSION = YES;
				CLANG_WARN_OBJC_ROOT_CLASS = YES_ERROR;
				CLANG_WARN_QUOTED_INCLUDE_IN_FRAMEWORK_HEADER = YES;
				CLANG_WARN_RANGE_LOOP_ANALYSIS = YES;
				CLANG_WARN_STRICT_PROTOTYPES = YES;
				CLANG_WARN_SUSPICIOUS_MOVE = YES;
				CLANG_WARN_UNGUARDED_AVAILABILITY = YES_AGGRESSIVE;
				CLANG_WARN_UNREACHABLE_CODE = YES;
				CLANG_WARN__DUPLICATE_METHOD_MATCH = YES;
				COPY_PHASE_STRIP = NO;
				DEAD_CODE_STRIPPING = YES;
				DEBUG_INFORMATION_FORMAT = dwarf;
				ENABLE_STRICT_OBJC_MSGSEND = YES;
				ENABLE_TESTABILITY = YES;
				ENABLE_USER_SCRIPT_SANDBOXING = YES;
				GCC_C_LANGUAGE_STANDARD = gnu11;
				GCC_DYNAMIC_NO_PIC = NO;
				GCC_NO_COMMON_BLOCKS = YES;
				GCC_OPTIMIZATION_LEVEL = 0;
				GCC_PREPROCESSOR_DEFINITIONS = (
					"DEBUG=1",
					"$(inherited)",
				);
				GCC_WARN_64_TO_32_BIT_CONVERSION = YES;
				GCC_WARN_ABOUT_RETURN_TYPE = YES_ERROR;
				GCC_WARN_UNDECLARED_SELECTOR = YES;
				GCC_WARN_UNINITIALIZED_AUTOS = YES_AGGRESSIVE;
				GCC_WARN_UNUSED_FUNCTION = YES;
				GCC_WARN_UNUSED_VARIABLE = YES;
				MACOSX_DEPLOYMENT_TARGET = 13.3;
				MTL_ENABLE_DEBUG_INFO = INCLUDE_SOURCE;
				MTL_FAST_MATH = YES;
				ONLY_ACTIVE_ARCH = YES;
				SDKROOT = macosx;
			};
			name = Debug;
		};
		FE7CACBD2AA9FB68002EEBD1 /* Release */ = {
			isa = XCBuildConfiguration;
			buildSettings = {
				ALWAYS_SEARCH_USER_PATHS = NO;
				CLANG_ANALYZER_NONNULL = YES;
				CLANG_ANALYZER_NUMBER_OBJECT_CONVERSION = YES_AGGRESSIVE;
				CLANG_CXX_LANGUAGE_STANDARD = "gnu++20";
				CLANG_ENABLE_MODULES = YES;
				CLANG_ENABLE_OBJC_ARC = YES;
				CLANG_ENABLE_OBJC_WEAK = YES;
				CLANG_WARN_BLOCK_CAPTURE_AUTORELEASING = YES;
				CLANG_WARN_BOOL_CONVERSION = YES;
				CLANG_WARN_COMMA = YES;
				CLANG_WARN_CONSTANT_CONVERSION = YES;
				CLANG_WARN_DEPRECATED_OBJC_IMPLEMENTATIONS = YES;
				CLANG_WARN_DIRECT_OBJC_ISA_USAGE = YES_ERROR;
				CLANG_WARN_DOCUMENTATION_COMMENTS = YES;
				CLANG_WARN_EMPTY_BODY = YES;
				CLANG_WARN_ENUM_CONVERSION = YES;
				CLANG_WARN_INFINITE_RECURSION = YES;
				CLANG_WARN_INT_CONVERSION = YES;
				CLANG_WARN_NON_LITERAL_NULL_CONVERSION = YES;
				CLANG_WARN_OBJC_IMPLICIT_RETAIN_SELF = YES;
				CLANG_WARN_OBJC_LITERAL_CONVERSION = YES;
				CLANG_WARN_OBJC_ROOT_CLASS = YES_ERROR;
				CLANG_WARN_QUOTED_INCLUDE_IN_FRAMEWORK_HEADER = YES;
				CLANG_WARN_RANGE_LOOP_ANALYSIS = YES;
				CLANG_WARN_STRICT_PROTOTYPES = YES;
				CLANG_WARN_SUSPICIOUS_MOVE = YES;
				CLANG_WARN_UNGUARDED_AVAILABILITY = YES_AGGRESSIVE;
				CLANG_WARN_UNREACHABLE_CODE = YES;
				CLANG_WARN__DUPLICATE_METHOD_MATCH = YES;
				COPY_PHASE_STRIP = NO;
				DEAD_CODE_STRIPPING = YES;
				DEBUG_INFORMATION_FORMAT = "dwarf-with-dsym";
				ENABLE_NS_ASSERTIONS = NO;
				ENABLE_STRICT_OBJC_MSGSEND = YES;
				ENABLE_USER_SCRIPT_SANDBOXING = YES;
				GCC_C_LANGUAGE_STANDARD = gnu11;
				GCC_NO_COMMON_BLOCKS = YES;
				GCC_WARN_64_TO_32_BIT_CONVERSION = YES;
				GCC_WARN_ABOUT_RETURN_TYPE = YES_ERROR;
				GCC_WARN_UNDECLARED_SELECTOR = YES;
				GCC_WARN_UNINITIALIZED_AUTOS = YES_AGGRESSIVE;
				GCC_WARN_UNUSED_FUNCTION = YES;
				GCC_WARN_UNUSED_VARIABLE = YES;
				MACOSX_DEPLOYMENT_TARGET = 13.3;
				MTL_ENABLE_DEBUG_INFO = NO;
				MTL_FAST_MATH = YES;
				SDKROOT = macosx;
			};
			name = Release;
		};
		FE7CACBF2AA9FB68002EEBD1 /* Debug */ = {
			isa = XCBuildConfiguration;
			buildSettings = {
				CODE_SIGN_STYLE = Automatic;
				DEAD_CODE_STRIPPING = YES;
				PRODUCT_NAME = "$(TARGET_NAME)";
			};
			name = Debug;
		};
		FE7CACC02AA9FB68002EEBD1 /* Release */ = {
			isa = XCBuildConfiguration;
			buildSettings = {
				CODE_SIGN_STYLE = Automatic;
				DEAD_CODE_STRIPPING = YES;
				PRODUCT_NAME = "$(TARGET_NAME)";
			};
			name = Release;
		};
/* End XCBuildConfiguration section */

/* Begin XCConfigurationList section */
		FE7CACB22AA9FB67002EEBD1 /* Build configuration list for PBXProject "XORNeural network" */ = {
			isa = XCConfigurationList;
			buildConfigurations = (
				FE7CACBC2AA9FB68002EEBD1 /* Debug */,
				FE7CACBD2AA9FB68002EEBD1 /* Release */,
			);
			defaultConfigurationIsVisible = 0;
			defaultConfigurationName = Release;
		};
		FE7CACBE2AA9FB68002EEBD1 /* Build configuration list for PBXNativeTarget "XORNeural network" */ = {
			isa = XCConfigurationList;
			buildConfigurations = (
				FE7CACBF2AA9FB68002EEBD1 /* Debug */,
				FE7CACC02AA9FB68002EEBD1 /* Release */,
			);
			defaultConfigurationIsVisible = 0;
			defaultConfigurationName = Release;
		};
/* End XCConfigurationList section */
	};
	rootObject = FE7CACAF2AA9FB67002EEBD1 /* Project object */;
}
